NeoBundleLock YankRing.vim a884f3a161fa3cd8c996eb53a3d1c68631f60c21
NeoBundleLock ack.vim 6a57bc0a5877800b5621f6ade5006e58eb582845
NeoBundleLock bufexplorer d1dc1be409da9233b6196c1358ce585b6d89723c
NeoBundleLock csv.vim d5bf184bd2aff5c149912ed1111d240265596893
NeoBundleLock gist-vim 340638a6746c8d7e7a86e7ffd4e53ff5a20e9e1c
NeoBundleLock neobundle.vim f5ace1d749382ab5e5a22670d57c61303a927b72
NeoBundleLock nerdtree 3b98a7fcae8f9fff356907171f0406ff8cd28921
NeoBundleLock vim-airline 5dc0cc54180bd757a37c9828d5229956979cd654
NeoBundleLock vim-bundler 48abb774c72732a75f8ab05ee7493b1041dd8ae8
NeoBundleLock vim-coffee-script 827e4a38b07479433b619091469a7495a392df8a
NeoBundleLock vim-colors-solarized 528a59f26d12278698bb946f8fb82a63711eec21
NeoBundleLock vim-commentary 9c685131a5facfa0d643feca3a61b41c007d8170
NeoBundleLock vim-dispatch 70d47ab198458cd0869283cd4252df4fee6e622d
NeoBundleLock vim-endwise bba43b831ae0485cf9b86d16340a6a314b927391
NeoBundleLock vim-fugitive 0095769029709b531d2505ee6ad9907dd9bd72a0
NeoBundleLock vim-git 36126609572d95e93cc8b06f73670fbbf3a3736a
NeoBundleLock vim-go 1d2c4253510cb4289f26670bee52fad472de584c
NeoBundleLock vim-haml 204e32721154766e03e99ff857bc798aa5b741dc
NeoBundleLock vim-indent-guides 184e55848de2304cabc5c03d2afe9b8fd098c58c
NeoBundleLock vim-javascript e9709a9fb29ed0739eb244b5e70211c1ab647535
NeoBundleLock vim-markdown 409c37b205afa2f9d590e23de8171482d66770e2
NeoBundleLock vim-rails 981f8d790cbecd5bbbb907aa30a94f63b6aee041
NeoBundleLock vim-repeat b01aafbd8d44573abf0ad36afb2df66e92f1a680
NeoBundleLock vim-rspec a74cf38c6031b51d803123bce2cd83902708b56d
NeoBundleLock vim-ruby c298d2f352559f0c690d5e75f7ed6ce0c61ff474
NeoBundleLock vim-slim 0daaa8581f9a9968cebbc7d14ae9acf1625c0389
NeoBundleLock vim-surround 772ab9587b7d1e2c3bae75395c9123803059ba8a
